
Microsoft Visual Studio Solution File, Format Version 12.00
# Visual Studio 15
VisualStudioVersion = 15.0.27130.2020
MinimumVisualStudioVersion = 10.0.40219.1
Project("{FAE04EC0-301F-11D3-BF4B-00C04F79EFBC}") = "Pinside", "Pinside\Pinside.csproj", "{5D737392-B930-4AF2-AD8F-C6E6E5A099C9}"
EndProject
Global
	GlobalSection(SolutionConfigurationPlatforms) = preSolution
		Debug|Any CPU = Debug|Any CPU
		Release|Any CPU = Release|Any CPU
	EndGlobalSection
	GlobalSection(ProjectConfigurationPlatforms) = postSolution
		{5D737392-B930-4AF2-AD8F-C6E6E5A099C9}.Debug|Any CPU.ActiveCfg = Debug|Any CPU
		{5D737392-B930-4AF2-AD8F-C6E6E5A099C9}.Debug|Any CPU.Build.0 = Debug|Any CPU
		{5D737392-B930-4AF2-AD8F-C6E6E5A099C9}.Release|Any CPU.ActiveCfg = Release|Any CPU
		{5D737392-B930-4AF2-AD8F-C6E6E5A099C9}.Release|Any CPU.Build.0 = Release|Any CPU
	EndGlobalSection
	GlobalSection(SolutionProperties) = preSolution
		HideSolutionNode = FALSE
	EndGlobalSection
	GlobalSection(ExtensibilityGlobals) = postSolution
		SolutionGuid = {8E56723D-5014-45E4-B11F-F8C5AE25F816}
	EndGlobalSection
EndGlobal
